
Microsoft Visual Studio Solution File, Format Version 12.00
Project("{FAE04EC0-301F-11D3-BF4B-00C04F79EFBC}") = "CarDeepQ", "CarDeepQ.csproj", "{F74A9072-1D12-436B-8F7E-665F922F077A}"
EndProject
Project("{FAE04EC0-301F-11D3-BF4B-00C04F79EFBC}") = "Fiourp", "..\Fiourp\Fiourp.csproj", "{1528AE3A-E3CA-40A5-9DE0-D62C5D7065C0}"
EndProject
Global
	GlobalSection(SolutionConfigurationPlatforms) = preSolution
		Debug|Any CPU = Debug|Any CPU
		Release|Any CPU = Release|Any CPU
	EndGlobalSection
	GlobalSection(ProjectConfigurationPlatforms) = postSolution
		{F74A9072-1D12-436B-8F7E-665F922F077A}.Debug|Any CPU.ActiveCfg = Debug|Any CPU
		{F74A9072-1D12-436B-8F7E-665F922F077A}.Debug|Any CPU.Build.0 = Debug|Any CPU
		{F74A9072-1D12-436B-8F7E-665F922F077A}.Release|Any CPU.ActiveCfg = Release|Any CPU
		{F74A9072-1D12-436B-8F7E-665F922F077A}.Release|Any CPU.Build.0 = Release|Any CPU
		{1528AE3A-E3CA-40A5-9DE0-D62C5D7065C0}.Release|Any CPU.ActiveCfg = Release|x86
		{1528AE3A-E3CA-40A5-9DE0-D62C5D7065C0}.Release|Any CPU.Build.0 = Release|x86
		{1528AE3A-E3CA-40A5-9DE0-D62C5D7065C0}.Debug|Any CPU.ActiveCfg = Debug|x64
		{1528AE3A-E3CA-40A5-9DE0-D62C5D7065C0}.Debug|Any CPU.Build.0 = Debug|x64
	EndGlobalSection
EndGlobal
